
Microsoft Visual Studio Solution File, Format Version 12.00
# Visual Studio Version 16
VisualStudioVersion = 16.0.31112.23
MinimumVisualStudioVersion = 10.0.40219.1
Project("{9A19103F-16F7-4668-BE54-9A1E7A4F7556}") = "SyogiConsole", "SyogiConsole\SyogiConsole.csproj", "{8C9AE491-E2EA-47CD-BFA5-67D798A54056}"
EndProject
Project("{9A19103F-16F7-4668-BE54-9A1E7A4F7556}") = "MiniShogiApp", "MiniShogiApp\MiniShogiApp.csproj", "{07FF27F5-E7B6-44E6-993A-8AA640838983}"
EndProject
Project("{2150E333-8FDC-42A3-9474-1A3956D46DE8}") = "Solution Items", "Solution Items", "{899AB794-E302-48B6-814A-3284D361D3E6}"
	ProjectSection(SolutionItems) = preProject
		バックログ.txt = バックログ.txt
	EndProjectSection
EndProject
Project("{9A19103F-16F7-4668-BE54-9A1E7A4F7556}") = "Shogi.Business", "Shogi.Business\Shogi.Business.csproj", "{C4117439-F4C4-4FB5-AC14-795CE0FE09FF}"
EndProject
Project("{9A19103F-16F7-4668-BE54-9A1E7A4F7556}") = "Shogi.BusinessTests", "Shogi.BusinessTests\Shogi.BusinessTests.csproj", "{4D849E79-B0F8-49EA-81C9-F74F2AD02635}"
EndProject
Project("{FAE04EC0-301F-11D3-BF4B-00C04F79EFBC}") = "MiniShogiMobile", "MiniShogiMobile\MiniShogiMobile\MiniShogiMobile.csproj", "{616F6639-5848-44CF-A995-D028EA4A0C06}"
EndProject
Project("{FAE04EC0-301F-11D3-BF4B-00C04F79EFBC}") = "MiniShogiMobile.Android", "MiniShogiMobile\MiniShogiMobile.Android\MiniShogiMobile.Android.csproj", "{3193824E-860C-4D49-A733-44742381A335}"
EndProject
Project("{FAE04EC0-301F-11D3-BF4B-00C04F79EFBC}") = "MiniShogiMobile.UWP", "MiniShogiMobile\MiniShogiMobile.UWP\MiniShogiMobile.UWP.csproj", "{9AA57090-43DB-425D-ADB0-9FB9F01BFA5B}"
EndProject
Global
	GlobalSection(SolutionConfigurationPlatforms) = preSolution
		Debug|Any CPU = Debug|Any CPU
		Debug|ARM = Debug|ARM
		Debug|x64 = Debug|x64
		Debug|x86 = Debug|x86
		Release|Any CPU = Release|Any CPU
		Release|ARM = Release|ARM
		Release|x64 = Release|x64
		Release|x86 = Release|x86
	EndGlobalSection
	GlobalSection(ProjectConfigurationPlatforms) = postSolution
		{8C9AE491-E2EA-47CD-BFA5-67D798A54056}.Debug|Any CPU.ActiveCfg = Debug|Any CPU
		{8C9AE491-E2EA-47CD-BFA5-67D798A54056}.Debug|Any CPU.Build.0 = Debug|Any CPU
		{8C9AE491-E2EA-47CD-BFA5-67D798A54056}.Debug|ARM.ActiveCfg = Debug|Any CPU
		{8C9AE491-E2EA-47CD-BFA5-67D798A54056}.Debug|ARM.Build.0 = Debug|Any CPU
		{8C9AE491-E2EA-47CD-BFA5-67D798A54056}.Debug|x64.ActiveCfg = Debug|Any CPU
		{8C9AE491-E2EA-47CD-BFA5-67D798A54056}.Debug|x64.Build.0 = Debug|Any CPU
		{8C9AE491-E2EA-47CD-BFA5-67D798A54056}.Debug|x86.ActiveCfg = Debug|Any CPU
		{8C9AE491-E2EA-47CD-BFA5-67D798A54056}.Debug|x86.Build.0 = Debug|Any CPU
		{8C9AE491-E2EA-47CD-BFA5-67D798A54056}.Release|Any CPU.ActiveCfg = Release|Any CPU
		{8C9AE491-E2EA-47CD-BFA5-67D798A54056}.Release|Any CPU.Build.0 = Release|Any CPU
		{8C9AE491-E2EA-47CD-BFA5-67D798A54056}.Release|ARM.ActiveCfg = Release|Any CPU
		{8C9AE491-E2EA-47CD-BFA5-67D798A54056}.Release|ARM.Build.0 = Release|Any CPU
		{8C9AE491-E2EA-47CD-BFA5-67D798A54056}.Release|x64.ActiveCfg = Release|Any CPU
		{8C9AE491-E2EA-47CD-BFA5-67D798A54056}.Release|x64.Build.0 = Release|Any CPU
		{8C9AE491-E2EA-47CD-BFA5-67D798A54056}.Release|x86.ActiveCfg = Release|Any CPU
		{8C9AE491-E2EA-47CD-BFA5-67D798A54056}.Release|x86.Build.0 = Release|Any CPU
		{07FF27F5-E7B6-44E6-993A-8AA640838983}.Debug|Any CPU.ActiveCfg = Debug|Any CPU
		{07FF27F5-E7B6-44E6-993A-8AA640838983}.Debug|Any CPU.Build.0 = Debug|Any CPU
		{07FF27F5-E7B6-44E6-993A-8AA640838983}.Debug|ARM.ActiveCfg = Debug|Any CPU
		{07FF27F5-E7B6-44E6-993A-8AA640838983}.Debug|ARM.Build.0 = Debug|Any CPU
		{07FF27F5-E7B6-44E6-993A-8AA640838983}.Debug|x64.ActiveCfg = Debug|Any CPU
		{07FF27F5-E7B6-44E6-993A-8AA640838983}.Debug|x64.Build.0 = Debug|Any CPU
		{07FF27F5-E7B6-44E6-993A-8AA640838983}.Debug|x86.ActiveCfg = Debug|Any CPU
		{07FF27F5-E7B6-44E6-993A-8AA640838983}.Debug|x86.Build.0 = Debug|Any CPU
		{07FF27F5-E7B6-44E6-993A-8AA640838983}.Release|Any CPU.ActiveCfg = Release|Any CPU
		{07FF27F5-E7B6-44E6-993A-8AA640838983}.Release|Any CPU.Build.0 = Release|Any CPU
		{07FF27F5-E7B6-44E6-993A-8AA640838983}.Release|ARM.ActiveCfg = Release|Any CPU
		{07FF27F5-E7B6-44E6-993A-8AA640838983}.Release|ARM.Build.0 = Release|Any CPU
		{07FF27F5-E7B6-44E6-993A-8AA640838983}.Release|x64.ActiveCfg = Release|Any CPU
		{07FF27F5-E7B6-44E6-993A-8AA640838983}.Release|x64.Build.0 = Release|Any CPU
		{07FF27F5-E7B6-44E6-993A-8AA640838983}.Release|x86.ActiveCfg = Release|Any CPU
		{07FF27F5-E7B6-44E6-993A-8AA640838983}.Release|x86.Build.0 = Release|Any CPU
		{C4117439-F4C4-4FB5-AC14-795CE0FE09FF}.Debug|Any CPU.ActiveCfg = Debug|Any CPU
		{C4117439-F4C4-4FB5-AC14-795CE0FE09FF}.Debug|Any CPU.Build.0 = Debug|Any CPU
		{C4117439-F4C4-4FB5-AC14-795CE0FE09FF}.Debug|ARM.ActiveCfg = Debug|Any CPU
		{C4117439-F4C4-4FB5-AC14-795CE0FE09FF}.Debug|ARM.Build.0 = Debug|Any CPU
		{C4117439-F4C4-4FB5-AC14-795CE0FE09FF}.Debug|x64.ActiveCfg = Debug|Any CPU
		{C4117439-F4C4-4FB5-AC14-795CE0FE09FF}.Debug|x64.Build.0 = Debug|Any CPU
		{C4117439-F4C4-4FB5-AC14-795CE0FE09FF}.Debug|x86.ActiveCfg = Debug|Any CPU
		{C4117439-F4C4-4FB5-AC14-795CE0FE09FF}.Debug|x86.Build.0 = Debug|Any CPU
		{C4117439-F4C4-4FB5-AC14-795CE0FE09FF}.Release|Any CPU.ActiveCfg = Release|Any CPU
		{C4117439-F4C4-4FB5-AC14-795CE0FE09FF}.Release|Any CPU.Build.0 = Release|Any CPU
		{C4117439-F4C4-4FB5-AC14-795CE0FE09FF}.Release|ARM.ActiveCfg = Release|Any CPU
		{C4117439-F4C4-4FB5-AC14-795CE0FE09FF}.Release|ARM.Build.0 = Release|Any CPU
		{C4117439-F4C4-4FB5-AC14-795CE0FE09FF}.Release|x64.ActiveCfg = Release|Any CPU
		{C4117439-F4C4-4FB5-AC14-795CE0FE09FF}.Release|x64.Build.0 = Release|Any CPU
		{C4117439-F4C4-4FB5-AC14-795CE0FE09FF}.Release|x86.ActiveCfg = Release|Any CPU
		{C4117439-F4C4-4FB5-AC14-795CE0FE09FF}.Release|x86.Build.0 = Release|Any CPU
		{4D849E79-B0F8-49EA-81C9-F74F2AD02635}.Debug|Any CPU.ActiveCfg = Debug|Any CPU
		{4D849E79-B0F8-49EA-81C9-F74F2AD02635}.Debug|Any CPU.Build.0 = Debug|Any CPU
		{4D849E79-B0F8-49EA-81C9-F74F2AD02635}.Debug|ARM.ActiveCfg = Debug|Any CPU
		{4D849E79-B0F8-49EA-81C9-F74F2AD02635}.Debug|ARM.Build.0 = Debug|Any CPU
		{4D849E79-B0F8-49EA-81C9-F74F2AD02635}.Debug|x64.ActiveCfg = Debug|Any CPU
		{4D849E79-B0F8-49EA-81C9-F74F2AD02635}.Debug|x64.Build.0 = Debug|Any CPU
		{4D849E79-B0F8-49EA-81C9-F74F2AD02635}.Debug|x86.ActiveCfg = Debug|Any CPU
		{4D849E79-B0F8-49EA-81C9-F74F2AD02635}.Debug|x86.Build.0 = Debug|Any CPU
		{4D849E79-B0F8-49EA-81C9-F74F2AD02635}.Release|Any CPU.ActiveCfg = Release|Any CPU
		{4D849E79-B0F8-49EA-81C9-F74F2AD02635}.Release|Any CPU.Build.0 = Release|Any CPU
		{4D849E79-B0F8-49EA-81C9-F74F2AD02635}.Release|ARM.ActiveCfg = Release|Any CPU
		{4D849E79-B0F8-49EA-81C9-F74F2AD02635}.Release|ARM.Build.0 = Release|Any CPU
		{4D849E79-B0F8-49EA-81C9-F74F2AD02635}.Release|x64.ActiveCfg = Release|Any CPU
		{4D849E79-B0F8-49EA-81C9-F74F2AD02635}.Release|x64.Build.0 = Release|Any CPU
		{4D849E79-B0F8-49EA-81C9-F74F2AD02635}.Release|x86.ActiveCfg = Release|Any CPU
		{4D849E79-B0F8-49EA-81C9-F74F2AD02635}.Release|x86.Build.0 = Release|Any CPU
		{616F6639-5848-44CF-A995-D028EA4A0C06}.Debug|Any CPU.ActiveCfg = Debug|Any CPU
		{616F6639-5848-44CF-A995-D028EA4A0C06}.Debug|Any CPU.Build.0 = Debug|Any CPU
		{616F6639-5848-44CF-A995-D028EA4A0C06}.Debug|ARM.ActiveCfg = Debug|Any CPU
		{616F6639-5848-44CF-A995-D028EA4A0C06}.Debug|ARM.Build.0 = Debug|Any CPU
		{616F6639-5848-44CF-A995-D028EA4A0C06}.Debug|x64.ActiveCfg = Debug|Any CPU
		{616F6639-5848-44CF-A995-D028EA4A0C06}.Debug|x64.Build.0 = Debug|Any CPU
		{616F6639-5848-44CF-A995-D028EA4A0C06}.Debug|x86.ActiveCfg = Debug|Any CPU
		{616F6639-5848-44CF-A995-D028EA4A0C06}.Debug|x86.Build.0 = Debug|Any CPU
		{616F6639-5848-44CF-A995-D028EA4A0C06}.Release|Any CPU.ActiveCfg = Release|Any CPU
		{616F6639-5848-44CF-A995-D028EA4A0C06}.Release|Any CPU.Build.0 = Release|Any CPU
		{616F6639-5848-44CF-A995-D028EA4A0C06}.Release|ARM.ActiveCfg = Release|Any CPU
		{616F6639-5848-44CF-A995-D028EA4A0C06}.Release|ARM.Build.0 = Release|Any CPU
		{616F6639-5848-44CF-A995-D028EA4A0C06}.Release|x64.ActiveCfg = Release|Any CPU
		{616F6639-5848-44CF-A995-D028EA4A0C06}.Release|x64.Build.0 = Release|Any CPU
		{616F6639-5848-44CF-A995-D028EA4A0C06}.Release|x86.ActiveCfg = Release|Any CPU
		{616F6639-5848-44CF-A995-D028EA4A0C06}.Release|x86.Build.0 = Release|Any CPU
		{3193824E-860C-4D49-A733-44742381A335}.Debug|Any CPU.ActiveCfg = Debug|Any CPU
		{3193824E-860C-4D49-A733-44742381A335}.Debug|Any CPU.Build.0 = Debug|Any CPU
		{3193824E-860C-4D49-A733-44742381A335}.Debug|Any CPU.Deploy.0 = Debug|Any CPU
		{3193824E-860C-4D49-A733-44742381A335}.Debug|ARM.ActiveCfg = Debug|Any CPU
		{3193824E-860C-4D49-A733-44742381A335}.Debug|ARM.Build.0 = Debug|Any CPU
		{3193824E-860C-4D49-A733-44742381A335}.Debug|ARM.Deploy.0 = Debug|Any CPU
		{3193824E-860C-4D49-A733-44742381A335}.Debug|x64.ActiveCfg = Debug|Any CPU
		{3193824E-860C-4D49-A733-44742381A335}.Debug|x64.Build.0 = Debug|Any CPU
		{3193824E-860C-4D49-A733-44742381A335}.Debug|x64.Deploy.0 = Debug|Any CPU
		{3193824E-860C-4D49-A733-44742381A335}.Debug|x86.ActiveCfg = Debug|Any CPU
		{3193824E-860C-4D49-A733-44742381A335}.Debug|x86.Build.0 = Debug|Any CPU
		{3193824E-860C-4D49-A733-44742381A335}.Debug|x86.Deploy.0 = Debug|Any CPU
		{3193824E-860C-4D49-A733-44742381A335}.Release|Any CPU.ActiveCfg = Release|Any CPU
		{3193824E-860C-4D49-A733-44742381A335}.Release|Any CPU.Build.0 = Release|Any CPU
		{3193824E-860C-4D49-A733-44742381A335}.Release|Any CPU.Deploy.0 = Release|Any CPU
		{3193824E-860C-4D49-A733-44742381A335}.Release|ARM.ActiveCfg = Release|Any CPU
		{3193824E-860C-4D49-A733-44742381A335}.Release|ARM.Build.0 = Release|Any CPU
		{3193824E-860C-4D49-A733-44742381A335}.Release|ARM.Deploy.0 = Release|Any CPU
		{3193824E-860C-4D49-A733-44742381A335}.Release|x64.ActiveCfg = Release|Any CPU
		{3193824E-860C-4D49-A733-44742381A335}.Release|x64.Build.0 = Release|Any CPU
		{3193824E-860C-4D49-A733-44742381A335}.Release|x64.Deploy.0 = Release|Any CPU
		{3193824E-860C-4D49-A733-44742381A335}.Release|x86.ActiveCfg = Release|Any CPU
		{3193824E-860C-4D49-A733-44742381A335}.Release|x86.Build.0 = Release|Any CPU
		{3193824E-860C-4D49-A733-44742381A335}.Release|x86.Deploy.0 = Release|Any CPU
		{9AA57090-43DB-425D-ADB0-9FB9F01BFA5B}.Debug|Any CPU.ActiveCfg = Debug|x86
		{9AA57090-43DB-425D-ADB0-9FB9F01BFA5B}.Debug|Any CPU.Build.0 = Debug|x86
		{9AA57090-43DB-425D-ADB0-9FB9F01BFA5B}.Debug|Any CPU.Deploy.0 = Debug|x86
		{9AA57090-43DB-425D-ADB0-9FB9F01BFA5B}.Debug|ARM.ActiveCfg = Debug|ARM
		{9AA57090-43DB-425D-ADB0-9FB9F01BFA5B}.Debug|ARM.Build.0 = Debug|ARM
		{9AA57090-43DB-425D-ADB0-9FB9F01BFA5B}.Debug|ARM.Deploy.0 = Debug|ARM
		{9AA57090-43DB-425D-ADB0-9FB9F01BFA5B}.Debug|x64.ActiveCfg = Debug|x64
		{9AA57090-43DB-425D-ADB0-9FB9F01BFA5B}.Debug|x64.Build.0 = Debug|x64
		{9AA57090-43DB-425D-ADB0-9FB9F01BFA5B}.Debug|x64.Deploy.0 = Debug|x64
		{9AA57090-43DB-425D-ADB0-9FB9F01BFA5B}.Debug|x86.ActiveCfg = Debug|x86
		{9AA57090-43DB-425D-ADB0-9FB9F01BFA5B}.Debug|x86.Build.0 = Debug|x86
		{9AA57090-43DB-425D-ADB0-9FB9F01BFA5B}.Debug|x86.Deploy.0 = Debug|x86
		{9AA57090-43DB-425D-ADB0-9FB9F01BFA5B}.Release|Any CPU.ActiveCfg = Release|x86
		{9AA57090-43DB-425D-ADB0-9FB9F01BFA5B}.Release|ARM.ActiveCfg = Release|ARM
		{9AA57090-43DB-425D-ADB0-9FB9F01BFA5B}.Release|ARM.Build.0 = Release|ARM
		{9AA57090-43DB-425D-ADB0-9FB9F01BFA5B}.Release|ARM.Deploy.0 = Release|ARM
		{9AA57090-43DB-425D-ADB0-9FB9F01BFA5B}.Release|x64.ActiveCfg = Release|x64
		{9AA57090-43DB-425D-ADB0-9FB9F01BFA5B}.Release|x64.Build.0 = Release|x64
		{9AA57090-43DB-425D-ADB0-9FB9F01BFA5B}.Release|x64.Deploy.0 = Release|x64
		{9AA57090-43DB-425D-ADB0-9FB9F01BFA5B}.Release|x86.ActiveCfg = Release|x86
		{9AA57090-43DB-425D-ADB0-9FB9F01BFA5B}.Release|x86.Build.0 = Release|x86
		{9AA57090-43DB-425D-ADB0-9FB9F01BFA5B}.Release|x86.Deploy.0 = Release|x86
	EndGlobalSection
	GlobalSection(SolutionProperties) = preSolution
		HideSolutionNode = FALSE
	EndGlobalSection
	GlobalSection(ExtensibilityGlobals) = postSolution
		SolutionGuid = {2243EF29-1C51-429B-BAF3-1FD472352A17}
	EndGlobalSection
EndGlobal
