
Microsoft Visual Studio Solution File, Format Version 12.00
# Visual Studio Version 16
VisualStudioVersion = 16.0.31112.23
MinimumVisualStudioVersion = 10.0.40219.1
Project("{9A19103F-16F7-4668-BE54-9A1E7A4F7556}") = "SyogiConsole", "SyogiConsole\SyogiConsole.csproj", "{8C9AE491-E2EA-47CD-BFA5-67D798A54056}"
EndProject
Project("{9A19103F-16F7-4668-BE54-9A1E7A4F7556}") = "MiniShogiApp", "MiniShogiApp\MiniShogiApp.csproj", "{07FF27F5-E7B6-44E6-993A-8AA640838983}"
EndProject
Project("{2150E333-8FDC-42A3-9474-1A3956D46DE8}") = "Solution Items", "Solution Items", "{899AB794-E302-48B6-814A-3284D361D3E6}"
	ProjectSection(SolutionItems) = preProject
		バックログ.txt = バックログ.txt
	EndProjectSection
EndProject
Project("{9A19103F-16F7-4668-BE54-9A1E7A4F7556}") = "Shogi.Business", "Shogi.Business\Shogi.Business.csproj", "{C4117439-F4C4-4FB5-AC14-795CE0FE09FF}"
EndProject
Project("{FAE04EC0-301F-11D3-BF4B-00C04F79EFBC}") = "Shogi.BusinessTests", "Shogi.BusinessTests\Shogi.BusinessTests.csproj", "{4D849E79-B0F8-49EA-81C9-F74F2AD02635}"
EndProject
Global
	GlobalSection(SolutionConfigurationPlatforms) = preSolution
		Debug|Any CPU = Debug|Any CPU
		Release|Any CPU = Release|Any CPU
	EndGlobalSection
	GlobalSection(ProjectConfigurationPlatforms) = postSolution
		{8C9AE491-E2EA-47CD-BFA5-67D798A54056}.Debug|Any CPU.ActiveCfg = Debug|Any CPU
		{8C9AE491-E2EA-47CD-BFA5-67D798A54056}.Debug|Any CPU.Build.0 = Debug|Any CPU
		{8C9AE491-E2EA-47CD-BFA5-67D798A54056}.Release|Any CPU.ActiveCfg = Release|Any CPU
		{8C9AE491-E2EA-47CD-BFA5-67D798A54056}.Release|Any CPU.Build.0 = Release|Any CPU
		{07FF27F5-E7B6-44E6-993A-8AA640838983}.Debug|Any CPU.ActiveCfg = Debug|Any CPU
		{07FF27F5-E7B6-44E6-993A-8AA640838983}.Debug|Any CPU.Build.0 = Debug|Any CPU
		{07FF27F5-E7B6-44E6-993A-8AA640838983}.Release|Any CPU.ActiveCfg = Release|Any CPU
		{07FF27F5-E7B6-44E6-993A-8AA640838983}.Release|Any CPU.Build.0 = Release|Any CPU
		{C4117439-F4C4-4FB5-AC14-795CE0FE09FF}.Debug|Any CPU.ActiveCfg = Debug|Any CPU
		{C4117439-F4C4-4FB5-AC14-795CE0FE09FF}.Debug|Any CPU.Build.0 = Debug|Any CPU
		{C4117439-F4C4-4FB5-AC14-795CE0FE09FF}.Release|Any CPU.ActiveCfg = Release|Any CPU
		{C4117439-F4C4-4FB5-AC14-795CE0FE09FF}.Release|Any CPU.Build.0 = Release|Any CPU
		{4D849E79-B0F8-49EA-81C9-F74F2AD02635}.Debug|Any CPU.ActiveCfg = Debug|Any CPU
		{4D849E79-B0F8-49EA-81C9-F74F2AD02635}.Debug|Any CPU.Build.0 = Debug|Any CPU
		{4D849E79-B0F8-49EA-81C9-F74F2AD02635}.Release|Any CPU.ActiveCfg = Release|Any CPU
		{4D849E79-B0F8-49EA-81C9-F74F2AD02635}.Release|Any CPU.Build.0 = Release|Any CPU
	EndGlobalSection
	GlobalSection(SolutionProperties) = preSolution
		HideSolutionNode = FALSE
	EndGlobalSection
	GlobalSection(ExtensibilityGlobals) = postSolution
		SolutionGuid = {2243EF29-1C51-429B-BAF3-1FD472352A17}
	EndGlobalSection
EndGlobal
